
Microsoft Visual Studio Solution File, Format Version 12.00
# Visual Studio 15
VisualStudioVersion = 15.0.27130.2020
MinimumVisualStudioVersion = 10.0.40219.1
Project("{FAE04EC0-301F-11D3-BF4B-00C04F79EFBC}") = "DVCS_Website", "DVCS_Website\DVCS_Website.csproj", "{BC69F8AE-FE16-4F03-A8DC-1350B239F1BA}"
EndProject
Global
	GlobalSection(SolutionConfigurationPlatforms) = preSolution
		Debug|Any CPU = Debug|Any CPU
		Release|Any CPU = Release|Any CPU
	EndGlobalSection
	GlobalSection(ProjectConfigurationPlatforms) = postSolution
		{BC69F8AE-FE16-4F03-A8DC-1350B239F1BA}.Debug|Any CPU.ActiveCfg = Debug|Any CPU
		{BC69F8AE-FE16-4F03-A8DC-1350B239F1BA}.Debug|Any CPU.Build.0 = Debug|Any CPU
		{BC69F8AE-FE16-4F03-A8DC-1350B239F1BA}.Release|Any CPU.ActiveCfg = Release|Any CPU
		{BC69F8AE-FE16-4F03-A8DC-1350B239F1BA}.Release|Any CPU.Build.0 = Release|Any CPU
	EndGlobalSection
	GlobalSection(SolutionProperties) = preSolution
		HideSolutionNode = FALSE
	EndGlobalSection
	GlobalSection(ExtensibilityGlobals) = postSolution
		SolutionGuid = {2CDD87E2-2912-4366-922D-2E35C40A1F16}
	EndGlobalSection
EndGlobal
